lockfileVersion: '9.0'

settings:
  autoInstallPeers: true
  excludeLinksFromLockfile: false

importers:

  .:
    dependencies:
      minimist:
        specifier: 1.2.5
        version: 1.2.5
      mkdirp:
        specifier: 0.5.1
        version: 0.5.1
      node-fetch:
        specifier: 2.6.0
        version: 2.6.0

packages:

  minimist@0.0.8:
    resolution: {integrity: sha512-miQKw5Hv4NS1Psg2517mV4e4dYNaO3++hjAvLOAzKqZ61rH8NS1SK+vbfBWZ5PY/Me/bEWhUwqMghEW5Fb9T7Q==}

  minimist@1.2.5:
    resolution: {integrity: sha512-FM9nNUYrRBAELZQT3xeZQ7fmMOBg6nWNmJKTcgsJeaLstP/UODVpGsr5OhXhhXg6f+qtJ8uiZ+PUxkDWcgIXLw==}

  mkdirp@0.5.1:
    resolution: {integrity: sha512-SknJC52obPfGQPnjIkXbmA6+5H15E+fR+E4iR2oQ3zzCLbd7/ONua69R/Gw7AgkTLsRG+r5fzksYwWe1AgTyWA==}
    deprecated: Legacy versions of mkdirp are no longer supported. Please update to mkdirp 1.x. (Note that the API surface has changed to use Promises in 1.x.)
    hasBin: true

  node-fetch@2.6.0:
    resolution: {integrity: sha512-8dG4H5ujfvFiqDmVu9fQ5bOHUC15JMjMY/Zumv26oOvvVJjM67KF8koCWIabKQ1GJIa9r2mMZscBq/TbdOcmNA==}
    engines: {node: 4.x || >=6.0.0}

snapshots:

  minimist@0.0.8: {}

  minimist@1.2.5: {}

  mkdirp@0.5.1:
    dependencies:
      minimist: 0.0.8

  node-fetch@2.6.0: {}
